
Microsoft Visual Studio Solution File, Format Version 12.00
# Visual Studio Version 17
VisualStudioVersion = 17.5.2.0
MinimumVisualStudioVersion = 10.0.40219.1
Project("{FAE04EC0-301F-11D3-BF4B-00C04F79EFBC}") = "29-10 -- Atividade Prática C#", "29-10 -- Atividade Prática C#.csproj", "{BF9AFD83-56FF-42B8-0679-479D3CC7B626}"
EndProject
Global
	GlobalSection(SolutionConfigurationPlatforms) = preSolution
		Debug|Any CPU = Debug|Any CPU
		Release|Any CPU = Release|Any CPU
	EndGlobalSection
	GlobalSection(ProjectConfigurationPlatforms) = postSolution
		{BF9AFD83-56FF-42B8-0679-479D3CC7B626}.Debug|Any CPU.ActiveCfg = Debug|Any CPU
		{BF9AFD83-56FF-42B8-0679-479D3CC7B626}.Debug|Any CPU.Build.0 = Debug|Any CPU
		{BF9AFD83-56FF-42B8-0679-479D3CC7B626}.Release|Any CPU.ActiveCfg = Release|Any CPU
		{BF9AFD83-56FF-42B8-0679-479D3CC7B626}.Release|Any CPU.Build.0 = Release|Any CPU
	EndGlobalSection
	GlobalSection(SolutionProperties) = preSolution
		HideSolutionNode = FALSE
	EndGlobalSection
	GlobalSection(ExtensibilityGlobals) = postSolution
		SolutionGuid = {0610FFD5-5010-4475-9A23-5EB67000263B}
	EndGlobalSection
EndGlobal
