
Microsoft Visual Studio Solution File, Format Version 12.00
# Visual Studio Version 17
VisualStudioVersion = 17.5.2.0
MinimumVisualStudioVersion = 10.0.40219.1
Project("{FAE04EC0-301F-11D3-BF4B-00C04F79EFBC}") = "Atividade 3 – Sistema de Personagens de Jogo", "Atividade 3 – Sistema de Personagens de Jogo.csproj", "{38D46B40-A664-BE68-F6E5-5E82683A850A}"
EndProject
Global
	GlobalSection(SolutionConfigurationPlatforms) = preSolution
		Debug|Any CPU = Debug|Any CPU
		Release|Any CPU = Release|Any CPU
	EndGlobalSection
	GlobalSection(ProjectConfigurationPlatforms) = postSolution
		{38D46B40-A664-BE68-F6E5-5E82683A850A}.Debug|Any CPU.ActiveCfg = Debug|Any CPU
		{38D46B40-A664-BE68-F6E5-5E82683A850A}.Debug|Any CPU.Build.0 = Debug|Any CPU
		{38D46B40-A664-BE68-F6E5-5E82683A850A}.Release|Any CPU.ActiveCfg = Release|Any CPU
		{38D46B40-A664-BE68-F6E5-5E82683A850A}.Release|Any CPU.Build.0 = Release|Any CPU
	EndGlobalSection
	GlobalSection(SolutionProperties) = preSolution
		HideSolutionNode = FALSE
	EndGlobalSection
	GlobalSection(ExtensibilityGlobals) = postSolution
		SolutionGuid = {9ECA1B49-0103-4FBD-AF6B-C99E5931259A}
	EndGlobalSection
EndGlobal
