
Microsoft Visual Studio Solution File, Format Version 12.00
# Visual Studio Version 17
VisualStudioVersion = 17.5.002.0
MinimumVisualStudioVersion = 10.0.40219.1
Project("{9A19103F-16F7-4668-BE54-9A1E7A4F7556}") = "Atividade-27.10", "Atividade-27.10.csproj", "{255A3321-B765-4AA3-9159-AD3389C2D24D}"
EndProject
Global
	GlobalSection(SolutionConfigurationPlatforms) = preSolution
		Debug|Any CPU = Debug|Any CPU
		Release|Any CPU = Release|Any CPU
	EndGlobalSection
	GlobalSection(ProjectConfigurationPlatforms) = postSolution
		{255A3321-B765-4AA3-9159-AD3389C2D24D}.Debug|Any CPU.ActiveCfg = Debug|Any CPU
		{255A3321-B765-4AA3-9159-AD3389C2D24D}.Debug|Any CPU.Build.0 = Debug|Any CPU
		{255A3321-B765-4AA3-9159-AD3389C2D24D}.Release|Any CPU.ActiveCfg = Release|Any CPU
		{255A3321-B765-4AA3-9159-AD3389C2D24D}.Release|Any CPU.Build.0 = Release|Any CPU
	EndGlobalSection
	GlobalSection(SolutionProperties) = preSolution
		HideSolutionNode = FALSE
	EndGlobalSection
	GlobalSection(ExtensibilityGlobals) = postSolution
		SolutionGuid = {DB8729FB-7A66-4E12-9DAE-4D958B0F171B}
	EndGlobalSection
EndGlobal
