<<<<<<< HEAD
﻿
Microsoft Visual Studio Solution File, Format Version 12.00
# Visual Studio Version 17
VisualStudioVersion = 17.5.002.0
MinimumVisualStudioVersion = 10.0.40219.1
Project("{9A19103F-16F7-4668-BE54-9A1E7A4F7556}") = "Introducao-CSharp", "Introducao-CSharp.csproj", "{0B5C3350-7B5D-4BBA-A9F6-CF7626D33D9A}"
=======
Microsoft Visual Studio Solution File, Format Version 12.00
# Visual Studio Version 17
VisualStudioVersion = 17.5.2.0
MinimumVisualStudioVersion = 10.0.40219.1
Project("{FAE04EC0-301F-11D3-BF4B-00C04F79EFBC}") = "Introducao-CSharp", "Introducao-CSharp.csproj", "{D0167B39-37C2-B48E-04A6-D5C1B55D11B3}"
>>>>>>> 3be7c5be85a33d701334c0c27ca341a00ffcb7f6
EndProject
Global
	GlobalSection(SolutionConfigurationPlatforms) = preSolution
		Debug|Any CPU = Debug|Any CPU
		Release|Any CPU = Release|Any CPU
	EndGlobalSection
	GlobalSection(ProjectConfigurationPlatforms) = postSolution
<<<<<<< HEAD
		{0B5C3350-7B5D-4BBA-A9F6-CF7626D33D9A}.Debug|Any CPU.ActiveCfg = Debug|Any CPU
		{0B5C3350-7B5D-4BBA-A9F6-CF7626D33D9A}.Debug|Any CPU.Build.0 = Debug|Any CPU
		{0B5C3350-7B5D-4BBA-A9F6-CF7626D33D9A}.Release|Any CPU.ActiveCfg = Release|Any CPU
		{0B5C3350-7B5D-4BBA-A9F6-CF7626D33D9A}.Release|Any CPU.Build.0 = Release|Any CPU
=======
		{D0167B39-37C2-B48E-04A6-D5C1B55D11B3}.Debug|Any CPU.ActiveCfg = Debug|Any CPU
		{D0167B39-37C2-B48E-04A6-D5C1B55D11B3}.Debug|Any CPU.Build.0 = Debug|Any CPU
		{D0167B39-37C2-B48E-04A6-D5C1B55D11B3}.Release|Any CPU.ActiveCfg = Release|Any CPU
		{D0167B39-37C2-B48E-04A6-D5C1B55D11B3}.Release|Any CPU.Build.0 = Release|Any CPU
>>>>>>> 3be7c5be85a33d701334c0c27ca341a00ffcb7f6
	EndGlobalSection
	GlobalSection(SolutionProperties) = preSolution
		HideSolutionNode = FALSE
	EndGlobalSection
	GlobalSection(ExtensibilityGlobals) = postSolution
<<<<<<< HEAD
		SolutionGuid = {64F4AB6D-7DEB-401D-81B2-4FC7E777419E}
=======
		SolutionGuid = {A2155489-CEFC-4E75-91F6-5FC5463F8C7B}
>>>>>>> 3be7c5be85a33d701334c0c27ca341a00ffcb7f6
	EndGlobalSection
EndGlobal
