
Microsoft Visual Studio Solution File, Format Version 12.00
# Visual Studio Version 17
VisualStudioVersion = 17.5.002.0
MinimumVisualStudioVersion = 10.0.40219.1
Project("{9A19103F-16F7-4668-BE54-9A1E7A4F7556}") = "SistemaFuncionariosMVC", "SistemaFuncionariosMVC.csproj", "{F83AE84D-1F1D-4530-854B-43640CA75693}"
EndProject
Global
	GlobalSection(SolutionConfigurationPlatforms) = preSolution
		Debug|Any CPU = Debug|Any CPU
		Release|Any CPU = Release|Any CPU
	EndGlobalSection
	GlobalSection(ProjectConfigurationPlatforms) = postSolution
		{F83AE84D-1F1D-4530-854B-43640CA75693}.Debug|Any CPU.ActiveCfg = Debug|Any CPU
		{F83AE84D-1F1D-4530-854B-43640CA75693}.Debug|Any CPU.Build.0 = Debug|Any CPU
		{F83AE84D-1F1D-4530-854B-43640CA75693}.Release|Any CPU.ActiveCfg = Release|Any CPU
		{F83AE84D-1F1D-4530-854B-43640CA75693}.Release|Any CPU.Build.0 = Release|Any CPU
	EndGlobalSection
	GlobalSection(SolutionProperties) = preSolution
		HideSolutionNode = FALSE
	EndGlobalSection
	GlobalSection(ExtensibilityGlobals) = postSolution
		SolutionGuid = {6ECA6707-4199-4C0D-9C7D-FF91CA598D40}
	EndGlobalSection
EndGlobal
