
Microsoft Visual Studio Solution File, Format Version 12.00
# Visual Studio Version 17
VisualStudioVersion = 17.5.2.0
MinimumVisualStudioVersion = 10.0.40219.1
Project("{FAE04EC0-301F-11D3-BF4B-00C04F79EFBC}") = "Atividade 5 – Sistema de Cursos", "Atividade 5 – Sistema de Cursos.csproj", "{3DEBEF98-A51B-7096-E6EF-C9C6E90F30CF}"
EndProject
Global
	GlobalSection(SolutionConfigurationPlatforms) = preSolution
		Debug|Any CPU = Debug|Any CPU
		Release|Any CPU = Release|Any CPU
	EndGlobalSection
	GlobalSection(ProjectConfigurationPlatforms) = postSolution
		{3DEBEF98-A51B-7096-E6EF-C9C6E90F30CF}.Debug|Any CPU.ActiveCfg = Debug|Any CPU
		{3DEBEF98-A51B-7096-E6EF-C9C6E90F30CF}.Debug|Any CPU.Build.0 = Debug|Any CPU
		{3DEBEF98-A51B-7096-E6EF-C9C6E90F30CF}.Release|Any CPU.ActiveCfg = Release|Any CPU
		{3DEBEF98-A51B-7096-E6EF-C9C6E90F30CF}.Release|Any CPU.Build.0 = Release|Any CPU
	EndGlobalSection
	GlobalSection(SolutionProperties) = preSolution
		HideSolutionNode = FALSE
	EndGlobalSection
	GlobalSection(ExtensibilityGlobals) = postSolution
		SolutionGuid = {9A01BE53-C5FD-43F9-B87F-0A5B5FFD1537}
	EndGlobalSection
EndGlobal
