
Microsoft Visual Studio Solution File, Format Version 12.00
# Visual Studio Version 17
VisualStudioVersion = 17.5.2.0
MinimumVisualStudioVersion = 10.0.40219.1
Project("{FAE04EC0-301F-11D3-BF4B-00C04F79EFBC}") = "Atividade 4 – Sistema de Animais", "Atividade 4 – Sistema de Animais.csproj", "{D5039477-8998-3216-0617-0094099172A8}"
EndProject
Global
	GlobalSection(SolutionConfigurationPlatforms) = preSolution
		Debug|Any CPU = Debug|Any CPU
		Release|Any CPU = Release|Any CPU
	EndGlobalSection
	GlobalSection(ProjectConfigurationPlatforms) = postSolution
		{D5039477-8998-3216-0617-0094099172A8}.Debug|Any CPU.ActiveCfg = Debug|Any CPU
		{D5039477-8998-3216-0617-0094099172A8}.Debug|Any CPU.Build.0 = Debug|Any CPU
		{D5039477-8998-3216-0617-0094099172A8}.Release|Any CPU.ActiveCfg = Release|Any CPU
		{D5039477-8998-3216-0617-0094099172A8}.Release|Any CPU.Build.0 = Release|Any CPU
	EndGlobalSection
	GlobalSection(SolutionProperties) = preSolution
		HideSolutionNode = FALSE
	EndGlobalSection
	GlobalSection(ExtensibilityGlobals) = postSolution
		SolutionGuid = {51D9BDA7-4FB6-4B90-864B-B23C92981946}
	EndGlobalSection
EndGlobal
